
Microsoft Visual Studio Solution File, Format Version 12.00
# Visual Studio Version 16
VisualStudioVersion = 16.0.29709.97
MinimumVisualStudioVersion = 10.0.40219.1
Project("{FAE04EC0-301F-11D3-BF4B-00C04F79EFBC}") = "Core_WebApp", "Core_WebApp\Core_WebApp.csproj", "{4A85F8FE-443F-462A-B544-0AE85E2155C3}"
EndProject
Global
	GlobalSection(SolutionConfigurationPlatforms) = preSolution
		Debug|Any CPU = Debug|Any CPU
		Release|Any CPU = Release|Any CPU
	EndGlobalSection
	GlobalSection(ProjectConfigurationPlatforms) = postSolution
		{4A85F8FE-443F-462A-B544-0AE85E2155C3}.Debug|Any CPU.ActiveCfg = Debug|Any CPU
		{4A85F8FE-443F-462A-B544-0AE85E2155C3}.Debug|Any CPU.Build.0 = Debug|Any CPU
		{4A85F8FE-443F-462A-B544-0AE85E2155C3}.Release|Any CPU.ActiveCfg = Release|Any CPU
		{4A85F8FE-443F-462A-B544-0AE85E2155C3}.Release|Any CPU.Build.0 = Release|Any CPU
	EndGlobalSection
	GlobalSection(SolutionProperties) = preSolution
		HideSolutionNode = FALSE
	EndGlobalSection
	GlobalSection(ExtensibilityGlobals) = postSolution
		SolutionGuid = {D26B79CD-346C-4D5E-8C36-EE21E799F42A}
	EndGlobalSection
EndGlobal
